{
  "name": "AwesomeMath",
  "version": "1.0.0",
  "lockfileVersion": 1,
  "requires": true,
  "dependencies": {
    "solve-banded": {
      "version": "1.0.4",
      "resolved": "https://registry.npmjs.org/solve-banded/-/solve-banded-1.0.4.tgz",
      "integrity": "sha1-vWPRPSjq5bs6hCpqZPoD2+h9wWk="
    },
    "solve-periodic-tridiagonal": {
      "version": "1.0.0",
      "resolved": "https://registry.npmjs.org/solve-periodic-tridiagonal/-/solve-periodic-tridiagonal-1.0.0.tgz",
      "integrity": "sha1-ZJQ/n9HQT6NZ3xZ1AskYVeSis8c="
    },
    "solve-tridiagonal": {
      "version": "2.0.0",
      "resolved": "https://registry.npmjs.org/solve-tridiagonal/-/solve-tridiagonal-2.0.0.tgz",
      "integrity": "sha1-hcwMlIBoEFlH7ViA6gY2l8UkBMs="
    },
    "wCopyable": {
      "version": "0.4.240",
      "resolved": "https://registry.npmjs.org/wCopyable/-/wCopyable-0.4.240.tgz",
      "integrity": "sha512-P3+jbB8KT+gKuBmSei9RRyrEgRfICe9um09gIYmLCV8bV96JS1clH/Tz+0biZcPwgwJ7giCfu1PyPFSuLUeb5A==",
      "requires": {
        "wProto": "^0.4.245",
        "wTools": "^0.8.630",
        "wcloner": "^0.3.221",
        "wequaler": "^0.5.114",
        "wlooker": "^0.3.156"
      }
    },
    "wProto": {
      "version": "0.4.245",
      "resolved": "https://registry.npmjs.org/wProto/-/wProto-0.4.245.tgz",
      "integrity": "sha512-fM1WJjCjmRRBSous722O2qC9tgsNI0unU8S+0BnjEpeZ5yV6a4jNvQPMgBTUZDf7tyRpezpR8OaZfrH947S5Ow==",
      "requires": {
        "wTools": "^0.8.630",
        "wblueprint": "^0.3.83"
      }
    },
    "wTools": {
      "version": "0.8.630",
      "resolved": "https://registry.npmjs.org/wTools/-/wTools-0.8.630.tgz",
      "integrity": "sha512-7HX/9KPc2KvS3l707N+kVm6oryYZxTnLi/vjcEBpES5am2rRG5jOE1JAyC8wgrAjUPqTwO/FKUbKXIWwMxRPhg=="
    },
    "warraysorted": {
      "version": "0.3.210",
      "resolved": "https://registry.npmjs.org/warraysorted/-/warraysorted-0.3.210.tgz",
      "integrity": "sha512-4ZKbsgqAurSOFD3AtRqhvntWGSp6vOwMR7WzNBtCL/V88YjsE2F0rfkIcKN0C8zHpDPt9oj4/bK9HKmjjx/0yw==",
      "requires": {
        "wTools": "^0.8.630"
      }
    },
    "wblueprint": {
      "version": "0.3.83",
      "resolved": "https://registry.npmjs.org/wblueprint/-/wblueprint-0.3.83.tgz",
      "integrity": "sha512-jzWLE1C8MQKO8aokRodhDztv5u7D5jLiZXk3+KB0XjwfW7zrrR5f+To8hnwCYIDU0fZgbYsDNZ7UDRDsRVoCCw==",
      "requires": {
        "wTools": "^0.8.630"
      }
    },
    "wcloner": {
      "version": "0.3.221",
      "resolved": "https://registry.npmjs.org/wcloner/-/wcloner-0.3.221.tgz",
      "integrity": "sha512-oOCiq3cyKmTwQPuLlHEiu7b6YJliiOQy/RCkDVFazwB49U3yQPLjjTs1XfImplQ956q3SSrHDj0hHBfkLHtjwg==",
      "requires": {
        "wTools": "^0.8.630",
        "wtraverser": "^0.3.157"
      }
    },
    "wentitybasic": {
      "version": "0.3.126",
      "resolved": "https://registry.npmjs.org/wentitybasic/-/wentitybasic-0.3.126.tgz",
      "integrity": "sha512-mjyLy1dB7OqwXLNhdtfOlQk/qFDsT+0W2ziQenjkTbpLjlkQElMRvB51AMPRofd+CABrvwPY7c0UgJIUBqWOPg==",
      "requires": {
        "wTools": "^0.8.630"
      }
    },
    "wequaler": {
      "version": "0.5.114",
      "resolved": "https://registry.npmjs.org/wequaler/-/wequaler-0.5.114.tgz",
      "integrity": "sha512-6MixLJqPkoaMWBFnaviCmSb6mL+4M2fPD2bmLDOpFif9jbDJV78wAjGAlAnarXZhX2sCtulgvhUM4ScI4M4giw==",
      "requires": {
        "wTools": "^0.8.630",
        "wlooker": "^0.3.156",
        "wselector": "^0.3.165"
      }
    },
    "wlooker": {
      "version": "0.3.156",
      "resolved": "https://registry.npmjs.org/wlooker/-/wlooker-0.3.156.tgz",
      "integrity": "sha512-+KwdzUyQxJPWUsc2wTAS+D/51klXf0J/0YALLci7HqE+LZ3PIfCE4o1Q8dbMRsvLilYptGOeBlPf3/kH35gkqQ==",
      "requires": {
        "wTools": "^0.8.630"
      }
    },
    "wmathmatrix": {
      "version": "0.3.156",
      "resolved": "https://registry.npmjs.org/wmathmatrix/-/wmathmatrix-0.3.156.tgz",
      "integrity": "sha512-5mPIzibzKZQuX7B/oSvhes8FiZF9Qz+NCZ6rM1tjDsqOnsK8zULua1P5J757shteHJTs2D5QmW/CKBQqojv4Yw==",
      "requires": {
        "wCopyable": "^0.4.240",
        "wTools": "^0.8.630",
        "wentitybasic": "^0.3.126",
        "wmathscalar": "^0.3.164",
        "wmathvector": "^0.3.218"
      }
    },
    "wmathscalar": {
      "version": "0.3.164",
      "resolved": "https://registry.npmjs.org/wmathscalar/-/wmathscalar-0.3.164.tgz",
      "integrity": "sha512-Ag3ZGsqKm7RXk/MnUA4a8t+EhcC1lXlz3hXSvb0rZM3d/0jmsTPYT7H8Vf+zE6L/buqSfBVcDe43Pu5EOkMELQ==",
      "requires": {
        "wTools": "^0.8.630"
      }
    },
    "wmathvector": {
      "version": "0.3.218",
      "resolved": "https://registry.npmjs.org/wmathvector/-/wmathvector-0.3.218.tgz",
      "integrity": "sha512-rsGoCro419QRE2C4TtKEI20k6sbCps3Sc+9IjBWBQpQD1+byCDsjfeUmiNtfoBb/ibXP2J1XS6dFYGbr8VPpVw==",
      "requires": {
        "wProto": "^0.4.245",
        "wTools": "^0.8.630",
        "wequaler": "^0.5.114",
        "wmathscalar": "^0.3.164"
      }
    },
    "wpathbasic": {
      "version": "0.7.84",
      "resolved": "https://registry.npmjs.org/wpathbasic/-/wpathbasic-0.7.84.tgz",
      "integrity": "sha512-m2qdE/DdngzKNzYn64UIlYiErCuE8obA2a3vWFl1Jsyk17JI8smKRLEGX3MSLgALtexmeHOqAxHcpOdOf+xXRQ==",
      "requires": {
        "wTools": "^0.8.630"
      }
    },
    "wpathtools": {
      "version": "0.5.82",
      "resolved": "https://registry.npmjs.org/wpathtools/-/wpathtools-0.5.82.tgz",
      "integrity": "sha512-/UT0Kc8pFdFYuBsxm6erbt5fn2rW4NWinBk1C8btTWiAHjQ6TdrbjmQdhe17JparIjXXUimRLsudQXSlWHJxtA==",
      "requires": {
        "wTools": "^0.8.630",
        "warraysorted": "^0.3.210",
        "wpathbasic": "^0.7.84"
      }
    },
    "wreplicator": {
      "version": "0.3.89",
      "resolved": "https://registry.npmjs.org/wreplicator/-/wreplicator-0.3.89.tgz",
      "integrity": "sha512-SupqGWXfahvPGb+vETgbYyNYSF6ADoTZOtLZ+we07eMwAP/RumPPjk3G2SFojdp1GT5SL9aHnuzZtaxowl5QkA==",
      "requires": {
        "wTools": "^0.8.630",
        "wlooker": "^0.3.156"
      }
    },
    "wselector": {
      "version": "0.3.165",
      "resolved": "https://registry.npmjs.org/wselector/-/wselector-0.3.165.tgz",
      "integrity": "sha512-Y2P/Lyz0kvtxGpSaW0neY+efDjCaV5HxuVKdgUF5Zb0/el3eK7+P/1vZ9lx2wqAmEULSy+yuwghkUJaHECxh6w==",
      "requires": {
        "wTools": "^0.8.630",
        "wlooker": "^0.3.156",
        "wpathtools": "^0.5.82",
        "wreplicator": "^0.3.89"
      }
    },
    "wtraverser": {
      "version": "0.3.157",
      "resolved": "https://registry.npmjs.org/wtraverser/-/wtraverser-0.3.157.tgz",
      "integrity": "sha512-ZoOgKM3CfmjebE28Mw267a1CWPX17cVWDN0Pmcv9HSqz69RApDcyO2r+AciHbY30LST8fX6MXl6CkGsX72DMuw==",
      "requires": {
        "wProto": "^0.4.245",
        "wTools": "^0.8.630"
      }
    }
  }
}
